
Microsoft Visual Studio Solution File, Format Version 12.00
# Visual Studio Version 17
VisualStudioVersion = 17.12.35514.174 d17.12
MinimumVisualStudioVersion = 10.0.40219.1
Project("{FAE04EC0-301F-11D3-BF4B-00C04F79EFBC}") = "Shop", "Shop.csproj", "{23D8663D-08E5-4C3A-B909-80514733632D}"
EndProject
Global
	GlobalSection(SolutionConfigurationPlatforms) = preSolution
		Debug|Any CPU = Debug|Any CPU
		Release|Any CPU = Release|Any CPU
	EndGlobalSection
	GlobalSection(ProjectConfigurationPlatforms) = postSolution
		{23D8663D-08E5-4C3A-B909-80514733632D}.Debug|Any CPU.ActiveCfg = Debug|Any CPU
		{23D8663D-08E5-4C3A-B909-80514733632D}.Debug|Any CPU.Build.0 = Debug|Any CPU
		{23D8663D-08E5-4C3A-B909-80514733632D}.Release|Any CPU.ActiveCfg = Release|Any CPU
		{23D8663D-08E5-4C3A-B909-80514733632D}.Release|Any CPU.Build.0 = Release|Any CPU
	EndGlobalSection
	GlobalSection(SolutionProperties) = preSolution
		HideSolutionNode = FALSE
	EndGlobalSection
EndGlobal
